
Microsoft Visual Studio Solution File, Format Version 12.00
# Visual Studio Version 17
VisualStudioVersion = 17.6.33723.286
MinimumVisualStudioVersion = 10.0.40219.1
Project("{FAE04EC0-301F-11D3-BF4B-00C04F79EFBC}") = "Игра", "Игра\Игра.csproj", "{F40A9FFC-F1BD-4396-AF86-6BC6A2A55961}"
EndProject
Global
	GlobalSection(SolutionConfigurationPlatforms) = preSolution
		Debug|Any CPU = Debug|Any CPU
		Release|Any CPU = Release|Any CPU
	EndGlobalSection
	GlobalSection(ProjectConfigurationPlatforms) = postSolution
		{F40A9FFC-F1BD-4396-AF86-6BC6A2A55961}.Debug|Any CPU.ActiveCfg = Debug|Any CPU
		{F40A9FFC-F1BD-4396-AF86-6BC6A2A55961}.Debug|Any CPU.Build.0 = Debug|Any CPU
		{F40A9FFC-F1BD-4396-AF86-6BC6A2A55961}.Release|Any CPU.ActiveCfg = Release|Any CPU
		{F40A9FFC-F1BD-4396-AF86-6BC6A2A55961}.Release|Any CPU.Build.0 = Release|Any CPU
	EndGlobalSection
	GlobalSection(SolutionProperties) = preSolution
		HideSolutionNode = FALSE
	EndGlobalSection
	GlobalSection(ExtensibilityGlobals) = postSolution
		SolutionGuid = {57E0F44D-3737-40C8-BE02-4AB39625CB9C}
	EndGlobalSection
EndGlobal
